
Microsoft Visual Studio Solution File, Format Version 12.00
# Visual Studio 15
VisualStudioVersion = 15.0.26124.0
MinimumVisualStudioVersion = 15.0.26124.0
Project("{2150E333-8FDC-42A3-9474-1A3956D46DE8}") = "Hosts", "Hosts", "{4C8A6E14-8A5B-4415-9ACC-C09E4E2EA17B}"
EndProject
Project("{9A19103F-16F7-4668-BE54-9A1E7A4F7556}") = "TravelRepublic.Api", "Hosts\TravelRepublic.Api\TravelRepublic.Api.csproj", "{D3948C9C-3D22-4F2B-BAA7-DF8C2BE90254}"
EndProject
Project("{2150E333-8FDC-42A3-9474-1A3956D46DE8}") = "Infrastructure", "Infrastructure", "{39717382-3787-485C-86AA-CB4F2B74F149}"
EndProject
Project("{9A19103F-16F7-4668-BE54-9A1E7A4F7556}") = "TravelRepublic.Infrastructure", "Infrastructure\TravelRepublic.Infrastructure\TravelRepublic.Infrastructure.csproj", "{30DAD3CC-8DCF-475C-8238-BF391441EAAA}"
EndProject
Project("{2150E333-8FDC-42A3-9474-1A3956D46DE8}") = "Business", "Business", "{1BD58A6B-1050-42FE-BCF0-128C0C226A37}"
EndProject
Project("{9A19103F-16F7-4668-BE54-9A1E7A4F7556}") = "TravelRepublic.Business.Common", "Business\TravelRepublic.Business.Common\TravelRepublic.Business.Common.csproj", "{5CF0C276-BD62-4390-B6B5-ED71FF0EBA91}"
EndProject
Project("{2150E333-8FDC-42A3-9474-1A3956D46DE8}") = "Data", "Data", "{30E1F32A-1392-4047-B8E9-439C42304F50}"
EndProject
Project("{9A19103F-16F7-4668-BE54-9A1E7A4F7556}") = "TravelRepublic.Data", "Data\TravelRepublic.Data\TravelRepublic.Data.csproj", "{5D7097CF-598D-44B9-BC6F-8E12CC9BF158}"
EndProject
Project("{9A19103F-16F7-4668-BE54-9A1E7A4F7556}") = "TravelRepublic.DataMigration", "Data\TravelRepublic.DataMigration\TravelRepublic.DataMigration.csproj", "{BEF91219-87C8-4076-B204-90389868A036}"
EndProject
Project("{9A19103F-16F7-4668-BE54-9A1E7A4F7556}") = "TravelRepublic.Business", "Business\TravelRepublic.Business\TravelRepublic.Business.csproj", "{0723969A-FBCC-4077-B70A-7FC7CD1B494C}"
EndProject
Project("{2150E333-8FDC-42A3-9474-1A3956D46DE8}") = "Tests", "Tests", "{8395111A-6459-47A8-AC2D-2FC0C4E00B40}"
EndProject
Project("{9A19103F-16F7-4668-BE54-9A1E7A4F7556}") = "TravelRepublic.Tests.Utils", "Tests\TravelRepublic.Tests.Utils\TravelRepublic.Tests.Utils.csproj", "{A6BA9F6C-6855-4BA0-BD60-FCFBBA47BE8D}"
EndProject
Project("{9A19103F-16F7-4668-BE54-9A1E7A4F7556}") = "TravelRepublic.Tests.Integration", "Tests\TravelRepublic.Tests.Integration\TravelRepublic.Tests.Integration.csproj", "{FDF193C9-FC82-476C-B311-F36DF7D39D17}"
EndProject
Project("{9A19103F-16F7-4668-BE54-9A1E7A4F7556}") = "TravelRepublic.Tests.Unit", "Tests\TravelRepublic.Tests.Unit\TravelRepublic.Tests.Unit.csproj", "{EAABBD33-D527-475F-B691-F2727E9EEA75}"
EndProject
Project("{9A19103F-16F7-4668-BE54-9A1E7A4F7556}") = "TravelRepublic.Spa", "Hosts\TravelRepublic.Spa\TravelRepublic.Spa.csproj", "{DC2A6F4C-D3ED-4C60-B8AB-E1DD8733C3CB}"
EndProject
Project("{2150E333-8FDC-42A3-9474-1A3956D46DE8}") = "Solution Items", "Solution Items", "{F7558003-11C7-4926-9D7E-B2D9CBA264D8}"
	ProjectSection(SolutionItems) = preProject
		.gitignore = .gitignore
		README.md = README.md
	EndProjectSection
EndProject
Global
	GlobalSection(SolutionConfigurationPlatforms) = preSolution
		Debug|Any CPU = Debug|Any CPU
		Debug|x64 = Debug|x64
		Debug|x86 = Debug|x86
		Release|Any CPU = Release|Any CPU
		Release|x64 = Release|x64
		Release|x86 = Release|x86
	EndGlobalSection
	GlobalSection(ProjectConfigurationPlatforms) = postSolution
		{D3948C9C-3D22-4F2B-BAA7-DF8C2BE90254}.Debug|Any CPU.ActiveCfg = Debug|Any CPU
		{D3948C9C-3D22-4F2B-BAA7-DF8C2BE90254}.Debug|Any CPU.Build.0 = Debug|Any CPU
		{D3948C9C-3D22-4F2B-BAA7-DF8C2BE90254}.Debug|x64.ActiveCfg = Debug|Any CPU
		{D3948C9C-3D22-4F2B-BAA7-DF8C2BE90254}.Debug|x64.Build.0 = Debug|Any CPU
		{D3948C9C-3D22-4F2B-BAA7-DF8C2BE90254}.Debug|x86.ActiveCfg = Debug|Any CPU
		{D3948C9C-3D22-4F2B-BAA7-DF8C2BE90254}.Debug|x86.Build.0 = Debug|Any CPU
		{D3948C9C-3D22-4F2B-BAA7-DF8C2BE90254}.Release|Any CPU.ActiveCfg = Release|Any CPU
		{D3948C9C-3D22-4F2B-BAA7-DF8C2BE90254}.Release|Any CPU.Build.0 = Release|Any CPU
		{D3948C9C-3D22-4F2B-BAA7-DF8C2BE90254}.Release|x64.ActiveCfg = Release|Any CPU
		{D3948C9C-3D22-4F2B-BAA7-DF8C2BE90254}.Release|x64.Build.0 = Release|Any CPU
		{D3948C9C-3D22-4F2B-BAA7-DF8C2BE90254}.Release|x86.ActiveCfg = Release|Any CPU
		{D3948C9C-3D22-4F2B-BAA7-DF8C2BE90254}.Release|x86.Build.0 = Release|Any CPU
		{30DAD3CC-8DCF-475C-8238-BF391441EAAA}.Debug|Any CPU.ActiveCfg = Debug|Any CPU
		{30DAD3CC-8DCF-475C-8238-BF391441EAAA}.Debug|Any CPU.Build.0 = Debug|Any CPU
		{30DAD3CC-8DCF-475C-8238-BF391441EAAA}.Debug|x64.ActiveCfg = Debug|Any CPU
		{30DAD3CC-8DCF-475C-8238-BF391441EAAA}.Debug|x64.Build.0 = Debug|Any CPU
		{30DAD3CC-8DCF-475C-8238-BF391441EAAA}.Debug|x86.ActiveCfg = Debug|Any CPU
		{30DAD3CC-8DCF-475C-8238-BF391441EAAA}.Debug|x86.Build.0 = Debug|Any CPU
		{30DAD3CC-8DCF-475C-8238-BF391441EAAA}.Release|Any CPU.ActiveCfg = Release|Any CPU
		{30DAD3CC-8DCF-475C-8238-BF391441EAAA}.Release|Any CPU.Build.0 = Release|Any CPU
		{30DAD3CC-8DCF-475C-8238-BF391441EAAA}.Release|x64.ActiveCfg = Release|Any CPU
		{30DAD3CC-8DCF-475C-8238-BF391441EAAA}.Release|x64.Build.0 = Release|Any CPU
		{30DAD3CC-8DCF-475C-8238-BF391441EAAA}.Release|x86.ActiveCfg = Release|Any CPU
		{30DAD3CC-8DCF-475C-8238-BF391441EAAA}.Release|x86.Build.0 = Release|Any CPU
		{5CF0C276-BD62-4390-B6B5-ED71FF0EBA91}.Debug|Any CPU.ActiveCfg = Debug|Any CPU
		{5CF0C276-BD62-4390-B6B5-ED71FF0EBA91}.Debug|Any CPU.Build.0 = Debug|Any CPU
		{5CF0C276-BD62-4390-B6B5-ED71FF0EBA91}.Debug|x64.ActiveCfg = Debug|Any CPU
		{5CF0C276-BD62-4390-B6B5-ED71FF0EBA91}.Debug|x64.Build.0 = Debug|Any CPU
		{5CF0C276-BD62-4390-B6B5-ED71FF0EBA91}.Debug|x86.ActiveCfg = Debug|Any CPU
		{5CF0C276-BD62-4390-B6B5-ED71FF0EBA91}.Debug|x86.Build.0 = Debug|Any CPU
		{5CF0C276-BD62-4390-B6B5-ED71FF0EBA91}.Release|Any CPU.ActiveCfg = Release|Any CPU
		{5CF0C276-BD62-4390-B6B5-ED71FF0EBA91}.Release|Any CPU.Build.0 = Release|Any CPU
		{5CF0C276-BD62-4390-B6B5-ED71FF0EBA91}.Release|x64.ActiveCfg = Release|Any CPU
		{5CF0C276-BD62-4390-B6B5-ED71FF0EBA91}.Release|x64.Build.0 = Release|Any CPU
		{5CF0C276-BD62-4390-B6B5-ED71FF0EBA91}.Release|x86.ActiveCfg = Release|Any CPU
		{5CF0C276-BD62-4390-B6B5-ED71FF0EBA91}.Release|x86.Build.0 = Release|Any CPU
		{5D7097CF-598D-44B9-BC6F-8E12CC9BF158}.Debug|Any CPU.ActiveCfg = Debug|Any CPU
		{5D7097CF-598D-44B9-BC6F-8E12CC9BF158}.Debug|Any CPU.Build.0 = Debug|Any CPU
		{5D7097CF-598D-44B9-BC6F-8E12CC9BF158}.Debug|x64.ActiveCfg = Debug|Any CPU
		{5D7097CF-598D-44B9-BC6F-8E12CC9BF158}.Debug|x64.Build.0 = Debug|Any CPU
		{5D7097CF-598D-44B9-BC6F-8E12CC9BF158}.Debug|x86.ActiveCfg = Debug|Any CPU
		{5D7097CF-598D-44B9-BC6F-8E12CC9BF158}.Debug|x86.Build.0 = Debug|Any CPU
		{5D7097CF-598D-44B9-BC6F-8E12CC9BF158}.Release|Any CPU.ActiveCfg = Release|Any CPU
		{5D7097CF-598D-44B9-BC6F-8E12CC9BF158}.Release|Any CPU.Build.0 = Release|Any CPU
		{5D7097CF-598D-44B9-BC6F-8E12CC9BF158}.Release|x64.ActiveCfg = Release|Any CPU
		{5D7097CF-598D-44B9-BC6F-8E12CC9BF158}.Release|x64.Build.0 = Release|Any CPU
		{5D7097CF-598D-44B9-BC6F-8E12CC9BF158}.Release|x86.ActiveCfg = Release|Any CPU
		{5D7097CF-598D-44B9-BC6F-8E12CC9BF158}.Release|x86.Build.0 = Release|Any CPU
		{BEF91219-87C8-4076-B204-90389868A036}.Debug|Any CPU.ActiveCfg = Debug|Any CPU
		{BEF91219-87C8-4076-B204-90389868A036}.Debug|Any CPU.Build.0 = Debug|Any CPU
		{BEF91219-87C8-4076-B204-90389868A036}.Debug|x64.ActiveCfg = Debug|Any CPU
		{BEF91219-87C8-4076-B204-90389868A036}.Debug|x64.Build.0 = Debug|Any CPU
		{BEF91219-87C8-4076-B204-90389868A036}.Debug|x86.ActiveCfg = Debug|Any CPU
		{BEF91219-87C8-4076-B204-90389868A036}.Debug|x86.Build.0 = Debug|Any CPU
		{BEF91219-87C8-4076-B204-90389868A036}.Release|Any CPU.ActiveCfg = Release|Any CPU
		{BEF91219-87C8-4076-B204-90389868A036}.Release|Any CPU.Build.0 = Release|Any CPU
		{BEF91219-87C8-4076-B204-90389868A036}.Release|x64.ActiveCfg = Release|Any CPU
		{BEF91219-87C8-4076-B204-90389868A036}.Release|x64.Build.0 = Release|Any CPU
		{BEF91219-87C8-4076-B204-90389868A036}.Release|x86.ActiveCfg = Release|Any CPU
		{BEF91219-87C8-4076-B204-90389868A036}.Release|x86.Build.0 = Release|Any CPU
		{0723969A-FBCC-4077-B70A-7FC7CD1B494C}.Debug|Any CPU.ActiveCfg = Debug|Any CPU
		{0723969A-FBCC-4077-B70A-7FC7CD1B494C}.Debug|Any CPU.Build.0 = Debug|Any CPU
		{0723969A-FBCC-4077-B70A-7FC7CD1B494C}.Debug|x64.ActiveCfg = Debug|Any CPU
		{0723969A-FBCC-4077-B70A-7FC7CD1B494C}.Debug|x64.Build.0 = Debug|Any CPU
		{0723969A-FBCC-4077-B70A-7FC7CD1B494C}.Debug|x86.ActiveCfg = Debug|Any CPU
		{0723969A-FBCC-4077-B70A-7FC7CD1B494C}.Debug|x86.Build.0 = Debug|Any CPU
		{0723969A-FBCC-4077-B70A-7FC7CD1B494C}.Release|Any CPU.ActiveCfg = Release|Any CPU
		{0723969A-FBCC-4077-B70A-7FC7CD1B494C}.Release|Any CPU.Build.0 = Release|Any CPU
		{0723969A-FBCC-4077-B70A-7FC7CD1B494C}.Release|x64.ActiveCfg = Release|Any CPU
		{0723969A-FBCC-4077-B70A-7FC7CD1B494C}.Release|x64.Build.0 = Release|Any CPU
		{0723969A-FBCC-4077-B70A-7FC7CD1B494C}.Release|x86.ActiveCfg = Release|Any CPU
		{0723969A-FBCC-4077-B70A-7FC7CD1B494C}.Release|x86.Build.0 = Release|Any CPU
		{A6BA9F6C-6855-4BA0-BD60-FCFBBA47BE8D}.Debug|Any CPU.ActiveCfg = Debug|Any CPU
		{A6BA9F6C-6855-4BA0-BD60-FCFBBA47BE8D}.Debug|Any CPU.Build.0 = Debug|Any CPU
		{A6BA9F6C-6855-4BA0-BD60-FCFBBA47BE8D}.Debug|x64.ActiveCfg = Debug|Any CPU
		{A6BA9F6C-6855-4BA0-BD60-FCFBBA47BE8D}.Debug|x64.Build.0 = Debug|Any CPU
		{A6BA9F6C-6855-4BA0-BD60-FCFBBA47BE8D}.Debug|x86.ActiveCfg = Debug|Any CPU
		{A6BA9F6C-6855-4BA0-BD60-FCFBBA47BE8D}.Debug|x86.Build.0 = Debug|Any CPU
		{A6BA9F6C-6855-4BA0-BD60-FCFBBA47BE8D}.Release|Any CPU.ActiveCfg = Release|Any CPU
		{A6BA9F6C-6855-4BA0-BD60-FCFBBA47BE8D}.Release|Any CPU.Build.0 = Release|Any CPU
		{A6BA9F6C-6855-4BA0-BD60-FCFBBA47BE8D}.Release|x64.ActiveCfg = Release|Any CPU
		{A6BA9F6C-6855-4BA0-BD60-FCFBBA47BE8D}.Release|x64.Build.0 = Release|Any CPU
		{A6BA9F6C-6855-4BA0-BD60-FCFBBA47BE8D}.Release|x86.ActiveCfg = Release|Any CPU
		{A6BA9F6C-6855-4BA0-BD60-FCFBBA47BE8D}.Release|x86.Build.0 = Release|Any CPU
		{FDF193C9-FC82-476C-B311-F36DF7D39D17}.Debug|Any CPU.ActiveCfg = Debug|Any CPU
		{FDF193C9-FC82-476C-B311-F36DF7D39D17}.Debug|Any CPU.Build.0 = Debug|Any CPU
		{FDF193C9-FC82-476C-B311-F36DF7D39D17}.Debug|x64.ActiveCfg = Debug|Any CPU
		{FDF193C9-FC82-476C-B311-F36DF7D39D17}.Debug|x64.Build.0 = Debug|Any CPU
		{FDF193C9-FC82-476C-B311-F36DF7D39D17}.Debug|x86.ActiveCfg = Debug|Any CPU
		{FDF193C9-FC82-476C-B311-F36DF7D39D17}.Debug|x86.Build.0 = Debug|Any CPU
		{FDF193C9-FC82-476C-B311-F36DF7D39D17}.Release|Any CPU.ActiveCfg = Release|Any CPU
		{FDF193C9-FC82-476C-B311-F36DF7D39D17}.Release|Any CPU.Build.0 = Release|Any CPU
		{FDF193C9-FC82-476C-B311-F36DF7D39D17}.Release|x64.ActiveCfg = Release|Any CPU
		{FDF193C9-FC82-476C-B311-F36DF7D39D17}.Release|x64.Build.0 = Release|Any CPU
		{FDF193C9-FC82-476C-B311-F36DF7D39D17}.Release|x86.ActiveCfg = Release|Any CPU
		{FDF193C9-FC82-476C-B311-F36DF7D39D17}.Release|x86.Build.0 = Release|Any CPU
		{EAABBD33-D527-475F-B691-F2727E9EEA75}.Debug|Any CPU.ActiveCfg = Debug|Any CPU
		{EAABBD33-D527-475F-B691-F2727E9EEA75}.Debug|Any CPU.Build.0 = Debug|Any CPU
		{EAABBD33-D527-475F-B691-F2727E9EEA75}.Debug|x64.ActiveCfg = Debug|Any CPU
		{EAABBD33-D527-475F-B691-F2727E9EEA75}.Debug|x64.Build.0 = Debug|Any CPU
		{EAABBD33-D527-475F-B691-F2727E9EEA75}.Debug|x86.ActiveCfg = Debug|Any CPU
		{EAABBD33-D527-475F-B691-F2727E9EEA75}.Debug|x86.Build.0 = Debug|Any CPU
		{EAABBD33-D527-475F-B691-F2727E9EEA75}.Release|Any CPU.ActiveCfg = Release|Any CPU
		{EAABBD33-D527-475F-B691-F2727E9EEA75}.Release|Any CPU.Build.0 = Release|Any CPU
		{EAABBD33-D527-475F-B691-F2727E9EEA75}.Release|x64.ActiveCfg = Release|Any CPU
		{EAABBD33-D527-475F-B691-F2727E9EEA75}.Release|x64.Build.0 = Release|Any CPU
		{EAABBD33-D527-475F-B691-F2727E9EEA75}.Release|x86.ActiveCfg = Release|Any CPU
		{EAABBD33-D527-475F-B691-F2727E9EEA75}.Release|x86.Build.0 = Release|Any CPU
		{DC2A6F4C-D3ED-4C60-B8AB-E1DD8733C3CB}.Debug|Any CPU.ActiveCfg = Debug|Any CPU
		{DC2A6F4C-D3ED-4C60-B8AB-E1DD8733C3CB}.Debug|Any CPU.Build.0 = Debug|Any CPU
		{DC2A6F4C-D3ED-4C60-B8AB-E1DD8733C3CB}.Debug|x64.ActiveCfg = Debug|Any CPU
		{DC2A6F4C-D3ED-4C60-B8AB-E1DD8733C3CB}.Debug|x64.Build.0 = Debug|Any CPU
		{DC2A6F4C-D3ED-4C60-B8AB-E1DD8733C3CB}.Debug|x86.ActiveCfg = Debug|Any CPU
		{DC2A6F4C-D3ED-4C60-B8AB-E1DD8733C3CB}.Debug|x86.Build.0 = Debug|Any CPU
		{DC2A6F4C-D3ED-4C60-B8AB-E1DD8733C3CB}.Release|Any CPU.ActiveCfg = Release|Any CPU
		{DC2A6F4C-D3ED-4C60-B8AB-E1DD8733C3CB}.Release|Any CPU.Build.0 = Release|Any CPU
		{DC2A6F4C-D3ED-4C60-B8AB-E1DD8733C3CB}.Release|x64.ActiveCfg = Release|Any CPU
		{DC2A6F4C-D3ED-4C60-B8AB-E1DD8733C3CB}.Release|x64.Build.0 = Release|Any CPU
		{DC2A6F4C-D3ED-4C60-B8AB-E1DD8733C3CB}.Release|x86.ActiveCfg = Release|Any CPU
		{DC2A6F4C-D3ED-4C60-B8AB-E1DD8733C3CB}.Release|x86.Build.0 = Release|Any CPU
	EndGlobalSection
	GlobalSection(SolutionProperties) = preSolution
		HideSolutionNode = FALSE
	EndGlobalSection
	GlobalSection(NestedProjects) = preSolution
		{D3948C9C-3D22-4F2B-BAA7-DF8C2BE90254} = {4C8A6E14-8A5B-4415-9ACC-C09E4E2EA17B}
		{30DAD3CC-8DCF-475C-8238-BF391441EAAA} = {39717382-3787-485C-86AA-CB4F2B74F149}
		{5CF0C276-BD62-4390-B6B5-ED71FF0EBA91} = {1BD58A6B-1050-42FE-BCF0-128C0C226A37}
		{5D7097CF-598D-44B9-BC6F-8E12CC9BF158} = {30E1F32A-1392-4047-B8E9-439C42304F50}
		{BEF91219-87C8-4076-B204-90389868A036} = {30E1F32A-1392-4047-B8E9-439C42304F50}
		{0723969A-FBCC-4077-B70A-7FC7CD1B494C} = {1BD58A6B-1050-42FE-BCF0-128C0C226A37}
		{A6BA9F6C-6855-4BA0-BD60-FCFBBA47BE8D} = {8395111A-6459-47A8-AC2D-2FC0C4E00B40}
		{FDF193C9-FC82-476C-B311-F36DF7D39D17} = {8395111A-6459-47A8-AC2D-2FC0C4E00B40}
		{EAABBD33-D527-475F-B691-F2727E9EEA75} = {8395111A-6459-47A8-AC2D-2FC0C4E00B40}
		{DC2A6F4C-D3ED-4C60-B8AB-E1DD8733C3CB} = {4C8A6E14-8A5B-4415-9ACC-C09E4E2EA17B}
	EndGlobalSection
	GlobalSection(ExtensibilityGlobals) = postSolution
		SolutionGuid = {32F34592-640B-44FC-BB8F-62986795E675}
	EndGlobalSection
EndGlobal
