
Microsoft Visual Studio Solution File, Format Version 12.00
# Visual Studio 15
VisualStudioVersion = 15.0.26124.0
MinimumVisualStudioVersion = 15.0.26124.0
Project("{2150E333-8FDC-42A3-9474-1A3956D46DE8}") = "Hosts", "Hosts", "{AF971912-73E1-4E4D-A9A3-BE07E37D0CAA}"
EndProject
Project("{FAE04EC0-301F-11D3-BF4B-00C04F79EFBC}") = "TravelRepublic.Api", "Hosts\TravelRepublic.Api\TravelRepublic.Api.csproj", "{3F9EBBE8-D974-4F05-BF00-66758D034DAA}"
EndProject
Project("{2150E333-8FDC-42A3-9474-1A3956D46DE8}") = "Infrastructure", "Infrastructure", "{1E68EEC4-F08F-4161-9A29-2FA5540D8952}"
EndProject
Project("{FAE04EC0-301F-11D3-BF4B-00C04F79EFBC}") = "TravelRepublic.Contracts", "Infrastructure\TravelRepublic.Contracts\TravelRepublic.Contracts.csproj", "{7C28D1EF-BFA1-4AFA-95E0-5D44958C9E7B}"
EndProject
Project("{2150E333-8FDC-42A3-9474-1A3956D46DE8}") = "Business", "Business", "{7D4A156C-63FE-4BB9-9F9C-FC4C7D351F93}"
EndProject
Project("{FAE04EC0-301F-11D3-BF4B-00C04F79EFBC}") = "TravelRepublic.Business.Common", "Business\TravelRepublic.Business.Common\TravelRepublic.Business.Common.csproj", "{A59C6302-A0B4-427A-B146-67382C5543A6}"
EndProject
Project("{2150E333-8FDC-42A3-9474-1A3956D46DE8}") = "Data", "Data", "{22A8E110-2421-48C7-B62F-EF8B6405271E}"
EndProject
Project("{FAE04EC0-301F-11D3-BF4B-00C04F79EFBC}") = "TravelRepublic.Data", "Data\TravelRepublic.Data\TravelRepublic.Data.csproj", "{7AF2E358-1A1B-4FD4-AE02-BA9B66D9C54B}"
EndProject
Project("{FAE04EC0-301F-11D3-BF4B-00C04F79EFBC}") = "TravelRepublic.DataMigration", "Data\TravelRepublic.DataMigration\TravelRepublic.DataMigration.csproj", "{8A2A038F-497C-4176-B808-C53C76F9690A}"
EndProject
Project("{FAE04EC0-301F-11D3-BF4B-00C04F79EFBC}") = "TravelRepublic.Business", "Business\TravelRepublic.Business\TravelRepublic.Business.csproj", "{8A8E4C76-442A-4622-90AD-EE56F06A2CA2}"
EndProject
Project("{2150E333-8FDC-42A3-9474-1A3956D46DE8}") = "Tests", "Tests", "{C5ADE6DC-6202-4D59-8099-B1D91F699814}"
EndProject
Project("{FAE04EC0-301F-11D3-BF4B-00C04F79EFBC}") = "TravelRepublic.Tests.Integration", "Tests\TravelRepublic.Tests.Integration\TravelRepublic.Tests.Integration.csproj", "{2DE2B5F7-F202-43F6-85D0-1B07891FD84B}"
EndProject
Project("{FAE04EC0-301F-11D3-BF4B-00C04F79EFBC}") = "TravelRepublic.Tests.Unit", "Tests\TravelRepublic.Tests.Unit\TravelRepublic.Tests.Unit.csproj", "{1DC5A5B7-45E2-4C6F-8273-67DD786B1280}"
EndProject
Project("{FAE04EC0-301F-11D3-BF4B-00C04F79EFBC}") = "TravelRepublic.Spa", "Hosts\TravelRepublic.Spa\TravelRepublic.Spa.csproj", "{D4FF9BCE-8098-4486-8266-5EF272857683}"
EndProject
Global
	GlobalSection(SolutionConfigurationPlatforms) = preSolution
		Debug|Any CPU = Debug|Any CPU
		Debug|x64 = Debug|x64
		Debug|x86 = Debug|x86
		Release|Any CPU = Release|Any CPU
		Release|x64 = Release|x64
		Release|x86 = Release|x86
	EndGlobalSection
	GlobalSection(SolutionProperties) = preSolution
		HideSolutionNode = FALSE
	EndGlobalSection
	GlobalSection(ProjectConfigurationPlatforms) = postSolution
		{3F9EBBE8-D974-4F05-BF00-66758D034DAA}.Debug|Any CPU.ActiveCfg = Debug|Any CPU
		{3F9EBBE8-D974-4F05-BF00-66758D034DAA}.Debug|Any CPU.Build.0 = Debug|Any CPU
		{3F9EBBE8-D974-4F05-BF00-66758D034DAA}.Debug|x64.ActiveCfg = Debug|Any CPU
		{3F9EBBE8-D974-4F05-BF00-66758D034DAA}.Debug|x64.Build.0 = Debug|Any CPU
		{3F9EBBE8-D974-4F05-BF00-66758D034DAA}.Debug|x86.ActiveCfg = Debug|Any CPU
		{3F9EBBE8-D974-4F05-BF00-66758D034DAA}.Debug|x86.Build.0 = Debug|Any CPU
		{3F9EBBE8-D974-4F05-BF00-66758D034DAA}.Release|Any CPU.ActiveCfg = Release|Any CPU
		{3F9EBBE8-D974-4F05-BF00-66758D034DAA}.Release|Any CPU.Build.0 = Release|Any CPU
		{3F9EBBE8-D974-4F05-BF00-66758D034DAA}.Release|x64.ActiveCfg = Release|Any CPU
		{3F9EBBE8-D974-4F05-BF00-66758D034DAA}.Release|x64.Build.0 = Release|Any CPU
		{3F9EBBE8-D974-4F05-BF00-66758D034DAA}.Release|x86.ActiveCfg = Release|Any CPU
		{3F9EBBE8-D974-4F05-BF00-66758D034DAA}.Release|x86.Build.0 = Release|Any CPU
		{7C28D1EF-BFA1-4AFA-95E0-5D44958C9E7B}.Debug|Any CPU.ActiveCfg = Debug|Any CPU
		{7C28D1EF-BFA1-4AFA-95E0-5D44958C9E7B}.Debug|Any CPU.Build.0 = Debug|Any CPU
		{7C28D1EF-BFA1-4AFA-95E0-5D44958C9E7B}.Debug|x64.ActiveCfg = Debug|Any CPU
		{7C28D1EF-BFA1-4AFA-95E0-5D44958C9E7B}.Debug|x64.Build.0 = Debug|Any CPU
		{7C28D1EF-BFA1-4AFA-95E0-5D44958C9E7B}.Debug|x86.ActiveCfg = Debug|Any CPU
		{7C28D1EF-BFA1-4AFA-95E0-5D44958C9E7B}.Debug|x86.Build.0 = Debug|Any CPU
		{7C28D1EF-BFA1-4AFA-95E0-5D44958C9E7B}.Release|Any CPU.ActiveCfg = Release|Any CPU
		{7C28D1EF-BFA1-4AFA-95E0-5D44958C9E7B}.Release|Any CPU.Build.0 = Release|Any CPU
		{7C28D1EF-BFA1-4AFA-95E0-5D44958C9E7B}.Release|x64.ActiveCfg = Release|Any CPU
		{7C28D1EF-BFA1-4AFA-95E0-5D44958C9E7B}.Release|x64.Build.0 = Release|Any CPU
		{7C28D1EF-BFA1-4AFA-95E0-5D44958C9E7B}.Release|x86.ActiveCfg = Release|Any CPU
		{7C28D1EF-BFA1-4AFA-95E0-5D44958C9E7B}.Release|x86.Build.0 = Release|Any CPU
		{A59C6302-A0B4-427A-B146-67382C5543A6}.Debug|Any CPU.ActiveCfg = Debug|Any CPU
		{A59C6302-A0B4-427A-B146-67382C5543A6}.Debug|Any CPU.Build.0 = Debug|Any CPU
		{A59C6302-A0B4-427A-B146-67382C5543A6}.Debug|x64.ActiveCfg = Debug|Any CPU
		{A59C6302-A0B4-427A-B146-67382C5543A6}.Debug|x64.Build.0 = Debug|Any CPU
		{A59C6302-A0B4-427A-B146-67382C5543A6}.Debug|x86.ActiveCfg = Debug|Any CPU
		{A59C6302-A0B4-427A-B146-67382C5543A6}.Debug|x86.Build.0 = Debug|Any CPU
		{A59C6302-A0B4-427A-B146-67382C5543A6}.Release|Any CPU.ActiveCfg = Release|Any CPU
		{A59C6302-A0B4-427A-B146-67382C5543A6}.Release|Any CPU.Build.0 = Release|Any CPU
		{A59C6302-A0B4-427A-B146-67382C5543A6}.Release|x64.ActiveCfg = Release|Any CPU
		{A59C6302-A0B4-427A-B146-67382C5543A6}.Release|x64.Build.0 = Release|Any CPU
		{A59C6302-A0B4-427A-B146-67382C5543A6}.Release|x86.ActiveCfg = Release|Any CPU
		{A59C6302-A0B4-427A-B146-67382C5543A6}.Release|x86.Build.0 = Release|Any CPU
		{7AF2E358-1A1B-4FD4-AE02-BA9B66D9C54B}.Debug|Any CPU.ActiveCfg = Debug|Any CPU
		{7AF2E358-1A1B-4FD4-AE02-BA9B66D9C54B}.Debug|Any CPU.Build.0 = Debug|Any CPU
		{7AF2E358-1A1B-4FD4-AE02-BA9B66D9C54B}.Debug|x64.ActiveCfg = Debug|Any CPU
		{7AF2E358-1A1B-4FD4-AE02-BA9B66D9C54B}.Debug|x64.Build.0 = Debug|Any CPU
		{7AF2E358-1A1B-4FD4-AE02-BA9B66D9C54B}.Debug|x86.ActiveCfg = Debug|Any CPU
		{7AF2E358-1A1B-4FD4-AE02-BA9B66D9C54B}.Debug|x86.Build.0 = Debug|Any CPU
		{7AF2E358-1A1B-4FD4-AE02-BA9B66D9C54B}.Release|Any CPU.ActiveCfg = Release|Any CPU
		{7AF2E358-1A1B-4FD4-AE02-BA9B66D9C54B}.Release|Any CPU.Build.0 = Release|Any CPU
		{7AF2E358-1A1B-4FD4-AE02-BA9B66D9C54B}.Release|x64.ActiveCfg = Release|Any CPU
		{7AF2E358-1A1B-4FD4-AE02-BA9B66D9C54B}.Release|x64.Build.0 = Release|Any CPU
		{7AF2E358-1A1B-4FD4-AE02-BA9B66D9C54B}.Release|x86.ActiveCfg = Release|Any CPU
		{7AF2E358-1A1B-4FD4-AE02-BA9B66D9C54B}.Release|x86.Build.0 = Release|Any CPU
		{8A2A038F-497C-4176-B808-C53C76F9690A}.Debug|Any CPU.ActiveCfg = Debug|Any CPU
		{8A2A038F-497C-4176-B808-C53C76F9690A}.Debug|Any CPU.Build.0 = Debug|Any CPU
		{8A2A038F-497C-4176-B808-C53C76F9690A}.Debug|x64.ActiveCfg = Debug|Any CPU
		{8A2A038F-497C-4176-B808-C53C76F9690A}.Debug|x64.Build.0 = Debug|Any CPU
		{8A2A038F-497C-4176-B808-C53C76F9690A}.Debug|x86.ActiveCfg = Debug|Any CPU
		{8A2A038F-497C-4176-B808-C53C76F9690A}.Debug|x86.Build.0 = Debug|Any CPU
		{8A2A038F-497C-4176-B808-C53C76F9690A}.Release|Any CPU.ActiveCfg = Release|Any CPU
		{8A2A038F-497C-4176-B808-C53C76F9690A}.Release|Any CPU.Build.0 = Release|Any CPU
		{8A2A038F-497C-4176-B808-C53C76F9690A}.Release|x64.ActiveCfg = Release|Any CPU
		{8A2A038F-497C-4176-B808-C53C76F9690A}.Release|x64.Build.0 = Release|Any CPU
		{8A2A038F-497C-4176-B808-C53C76F9690A}.Release|x86.ActiveCfg = Release|Any CPU
		{8A2A038F-497C-4176-B808-C53C76F9690A}.Release|x86.Build.0 = Release|Any CPU
		{8A8E4C76-442A-4622-90AD-EE56F06A2CA2}.Debug|Any CPU.ActiveCfg = Debug|Any CPU
		{8A8E4C76-442A-4622-90AD-EE56F06A2CA2}.Debug|Any CPU.Build.0 = Debug|Any CPU
		{8A8E4C76-442A-4622-90AD-EE56F06A2CA2}.Debug|x64.ActiveCfg = Debug|Any CPU
		{8A8E4C76-442A-4622-90AD-EE56F06A2CA2}.Debug|x64.Build.0 = Debug|Any CPU
		{8A8E4C76-442A-4622-90AD-EE56F06A2CA2}.Debug|x86.ActiveCfg = Debug|Any CPU
		{8A8E4C76-442A-4622-90AD-EE56F06A2CA2}.Debug|x86.Build.0 = Debug|Any CPU
		{8A8E4C76-442A-4622-90AD-EE56F06A2CA2}.Release|Any CPU.ActiveCfg = Release|Any CPU
		{8A8E4C76-442A-4622-90AD-EE56F06A2CA2}.Release|Any CPU.Build.0 = Release|Any CPU
		{8A8E4C76-442A-4622-90AD-EE56F06A2CA2}.Release|x64.ActiveCfg = Release|Any CPU
		{8A8E4C76-442A-4622-90AD-EE56F06A2CA2}.Release|x64.Build.0 = Release|Any CPU
		{8A8E4C76-442A-4622-90AD-EE56F06A2CA2}.Release|x86.ActiveCfg = Release|Any CPU
		{8A8E4C76-442A-4622-90AD-EE56F06A2CA2}.Release|x86.Build.0 = Release|Any CPU
		{2DE2B5F7-F202-43F6-85D0-1B07891FD84B}.Debug|Any CPU.ActiveCfg = Debug|Any CPU
		{2DE2B5F7-F202-43F6-85D0-1B07891FD84B}.Debug|Any CPU.Build.0 = Debug|Any CPU
		{2DE2B5F7-F202-43F6-85D0-1B07891FD84B}.Debug|x64.ActiveCfg = Debug|Any CPU
		{2DE2B5F7-F202-43F6-85D0-1B07891FD84B}.Debug|x64.Build.0 = Debug|Any CPU
		{2DE2B5F7-F202-43F6-85D0-1B07891FD84B}.Debug|x86.ActiveCfg = Debug|Any CPU
		{2DE2B5F7-F202-43F6-85D0-1B07891FD84B}.Debug|x86.Build.0 = Debug|Any CPU
		{2DE2B5F7-F202-43F6-85D0-1B07891FD84B}.Release|Any CPU.ActiveCfg = Release|Any CPU
		{2DE2B5F7-F202-43F6-85D0-1B07891FD84B}.Release|Any CPU.Build.0 = Release|Any CPU
		{2DE2B5F7-F202-43F6-85D0-1B07891FD84B}.Release|x64.ActiveCfg = Release|Any CPU
		{2DE2B5F7-F202-43F6-85D0-1B07891FD84B}.Release|x64.Build.0 = Release|Any CPU
		{2DE2B5F7-F202-43F6-85D0-1B07891FD84B}.Release|x86.ActiveCfg = Release|Any CPU
		{2DE2B5F7-F202-43F6-85D0-1B07891FD84B}.Release|x86.Build.0 = Release|Any CPU
		{1DC5A5B7-45E2-4C6F-8273-67DD786B1280}.Debug|Any CPU.ActiveCfg = Debug|Any CPU
		{1DC5A5B7-45E2-4C6F-8273-67DD786B1280}.Debug|Any CPU.Build.0 = Debug|Any CPU
		{1DC5A5B7-45E2-4C6F-8273-67DD786B1280}.Debug|x64.ActiveCfg = Debug|Any CPU
		{1DC5A5B7-45E2-4C6F-8273-67DD786B1280}.Debug|x64.Build.0 = Debug|Any CPU
		{1DC5A5B7-45E2-4C6F-8273-67DD786B1280}.Debug|x86.ActiveCfg = Debug|Any CPU
		{1DC5A5B7-45E2-4C6F-8273-67DD786B1280}.Debug|x86.Build.0 = Debug|Any CPU
		{1DC5A5B7-45E2-4C6F-8273-67DD786B1280}.Release|Any CPU.ActiveCfg = Release|Any CPU
		{1DC5A5B7-45E2-4C6F-8273-67DD786B1280}.Release|Any CPU.Build.0 = Release|Any CPU
		{1DC5A5B7-45E2-4C6F-8273-67DD786B1280}.Release|x64.ActiveCfg = Release|Any CPU
		{1DC5A5B7-45E2-4C6F-8273-67DD786B1280}.Release|x64.Build.0 = Release|Any CPU
		{1DC5A5B7-45E2-4C6F-8273-67DD786B1280}.Release|x86.ActiveCfg = Release|Any CPU
		{1DC5A5B7-45E2-4C6F-8273-67DD786B1280}.Release|x86.Build.0 = Release|Any CPU
		{D4FF9BCE-8098-4486-8266-5EF272857683}.Debug|Any CPU.ActiveCfg = Debug|Any CPU
		{D4FF9BCE-8098-4486-8266-5EF272857683}.Debug|Any CPU.Build.0 = Debug|Any CPU
		{D4FF9BCE-8098-4486-8266-5EF272857683}.Debug|x64.ActiveCfg = Debug|Any CPU
		{D4FF9BCE-8098-4486-8266-5EF272857683}.Debug|x64.Build.0 = Debug|Any CPU
		{D4FF9BCE-8098-4486-8266-5EF272857683}.Debug|x86.ActiveCfg = Debug|Any CPU
		{D4FF9BCE-8098-4486-8266-5EF272857683}.Debug|x86.Build.0 = Debug|Any CPU
		{D4FF9BCE-8098-4486-8266-5EF272857683}.Release|Any CPU.ActiveCfg = Release|Any CPU
		{D4FF9BCE-8098-4486-8266-5EF272857683}.Release|Any CPU.Build.0 = Release|Any CPU
		{D4FF9BCE-8098-4486-8266-5EF272857683}.Release|x64.ActiveCfg = Release|Any CPU
		{D4FF9BCE-8098-4486-8266-5EF272857683}.Release|x64.Build.0 = Release|Any CPU
		{D4FF9BCE-8098-4486-8266-5EF272857683}.Release|x86.ActiveCfg = Release|Any CPU
		{D4FF9BCE-8098-4486-8266-5EF272857683}.Release|x86.Build.0 = Release|Any CPU
	EndGlobalSection
	GlobalSection(NestedProjects) = preSolution
		{3F9EBBE8-D974-4F05-BF00-66758D034DAA} = {AF971912-73E1-4E4D-A9A3-BE07E37D0CAA}
		{7C28D1EF-BFA1-4AFA-95E0-5D44958C9E7B} = {1E68EEC4-F08F-4161-9A29-2FA5540D8952}
		{A59C6302-A0B4-427A-B146-67382C5543A6} = {7D4A156C-63FE-4BB9-9F9C-FC4C7D351F93}
		{7AF2E358-1A1B-4FD4-AE02-BA9B66D9C54B} = {22A8E110-2421-48C7-B62F-EF8B6405271E}
		{8A2A038F-497C-4176-B808-C53C76F9690A} = {22A8E110-2421-48C7-B62F-EF8B6405271E}
		{8A8E4C76-442A-4622-90AD-EE56F06A2CA2} = {7D4A156C-63FE-4BB9-9F9C-FC4C7D351F93}
		{2DE2B5F7-F202-43F6-85D0-1B07891FD84B} = {C5ADE6DC-6202-4D59-8099-B1D91F699814}
		{1DC5A5B7-45E2-4C6F-8273-67DD786B1280} = {C5ADE6DC-6202-4D59-8099-B1D91F699814}
		{D4FF9BCE-8098-4486-8266-5EF272857683} = {AF971912-73E1-4E4D-A9A3-BE07E37D0CAA}
	EndGlobalSection
EndGlobal
